
Microsoft Visual Studio Solution File, Format Version 12.00
# Visual Studio Version 17
VisualStudioVersion = 17.2.32526.322
MinimumVisualStudioVersion = 10.0.40219.1
Project("{FAE04EC0-301F-11D3-BF4B-00C04F79EFBC}") = "termometricas", "termometricas\termometricas.csproj", "{CFD30AA9-DF77-4FAD-AC57-AD9B5BB0D9D6}"
EndProject
Global
	GlobalSection(SolutionConfigurationPlatforms) = preSolution
		Debug|Any CPU = Debug|Any CPU
		Release|Any CPU = Release|Any CPU
	EndGlobalSection
	GlobalSection(ProjectConfigurationPlatforms) = postSolution
		{CFD30AA9-DF77-4FAD-AC57-AD9B5BB0D9D6}.Debug|Any CPU.ActiveCfg = Debug|Any CPU
		{CFD30AA9-DF77-4FAD-AC57-AD9B5BB0D9D6}.Debug|Any CPU.Build.0 = Debug|Any CPU
		{CFD30AA9-DF77-4FAD-AC57-AD9B5BB0D9D6}.Release|Any CPU.ActiveCfg = Release|Any CPU
		{CFD30AA9-DF77-4FAD-AC57-AD9B5BB0D9D6}.Release|Any CPU.Build.0 = Release|Any CPU
	EndGlobalSection
	GlobalSection(SolutionProperties) = preSolution
		HideSolutionNode = FALSE
	EndGlobalSection
	GlobalSection(ExtensibilityGlobals) = postSolution
		SolutionGuid = {55AD0B22-5434-4BF3-8E2F-AC605B48F0E0}
	EndGlobalSection
EndGlobal
